// !$*UTF8*$!
{
	archiveVersion = 1;
	classes = {
	};
	objectVersion = 50;
	objects = {

/* Begin PBXBuildFile section */
		126DB4EC5385FC52E2284B0F /* Pods_studentsApp.framework in Frameworks */ = {isa = PBXBuildFile; fileRef = E55E835B526F2A14216137F1 /* Pods_studentsApp.framework */; };
		5600414F2402AA9D00872AE2 /* names.html in Resources */ = {isa = PBXBuildFile; fileRef = 5600414E2402AA9D00872AE2 /* names.html */; };
		5651CC4D2416CCB400D7DDFB /* ProfileManager.swift in Sources */ = {isa = PBXBuildFile; fileRef = 5651CC4C2416CCB400D7DDFB /* ProfileManager.swift */; };
		5662679124071901005AE0B9 /* ProfileViewController.swift in Sources */ = {isa = PBXBuildFile; fileRef = 5662679024071901005AE0B9 /* ProfileViewController.swift */; };
		5662679324090680005AE0B9 /* StudentData.swift in Sources */ = {isa = PBXBuildFile; fileRef = 5662679224090680005AE0B9 /* StudentData.swift */; };
		56E7064923FBD35100D6CF1A /* AppDelegate.swift in Sources */ = {isa = PBXBuildFile; fileRef = 56E7064823FBD35100D6CF1A /* AppDelegate.swift */; };
		56E7064B23FBD35100D6CF1A /* SceneDelegate.swift in Sources */ = {isa = PBXBuildFile; fileRef = 56E7064A23FBD35100D6CF1A /* SceneDelegate.swift */; };
		56E7065023FBD35100D6CF1A /* Main.storyboard in Resources */ = {isa = PBXBuildFile; fileRef = 56E7064E23FBD35100D6CF1A /* Main.storyboard */; };
		56E7065223FBD35800D6CF1A /* Assets.xcassets in Resources */ = {isa = PBXBuildFile; fileRef = 56E7065123FBD35800D6CF1A /* Assets.xcassets */; };
		56E7065523FBD35800D6CF1A /* LaunchScreen.storyboard in Resources */ = {isa = PBXBuildFile; fileRef = 56E7065323FBD35800D6CF1A /* LaunchScreen.storyboard */; };
		56E7065D23FBD3A900D6CF1A /* AuthorizationViewController.swift in Sources */ = {isa = PBXBuildFile; fileRef = 56E7065C23FBD3A900D6CF1A /* AuthorizationViewController.swift */; };
		56E7065F23FBD55C00D6CF1A /* MenueViewController.swift in Sources */ = {isa = PBXBuildFile; fileRef = 56E7065E23FBD55C00D6CF1A /* MenueViewController.swift */; };
		56E7066123FBD77E00D6CF1A /* StudentsTableViewController.swift in Sources */ = {isa = PBXBuildFile; fileRef = 56E7066023FBD77E00D6CF1A /* StudentsTableViewController.swift */; };
		56E7066323FC4E2600D6CF1A /* StudentStruct.swift in Sources */ = {isa = PBXBuildFile; fileRef = 56E7066223FC4E2600D6CF1A /* StudentStruct.swift */; };
		56E7066523FC4EB900D6CF1A /* StudentsViewController.swift in Sources */ = {isa = PBXBuildFile; fileRef = 56E7066423FC4EB900D6CF1A /* StudentsViewController.swift */; };
		56E7066723FC59BD00D6CF1A /* CodeTableViewCell.swift in Sources */ = {isa = PBXBuildFile; fileRef = 56E7066623FC59BD00D6CF1A /* CodeTableViewCell.swift */; };
		56E7066A23FC5CD100D6CF1A /* XIBTableViewCell.swift in Sources */ = {isa = PBXBuildFile; fileRef = 56E7066823FC5CD100D6CF1A /* XIBTableViewCell.swift */; };
		56E7066B23FC5CD100D6CF1A /* XIBTableViewCell.xib in Resources */ = {isa = PBXBuildFile; fileRef = 56E7066923FC5CD100D6CF1A /* XIBTableViewCell.xib */; };
/* End PBXBuildFile section */

/* Begin PBXFileReference section */
		5600414E2402AA9D00872AE2 /* names.html */ = {isa = PBXFileReference; fileEncoding = 4; lastKnownFileType = text.html; path = names.html; sourceTree = "<group>"; };
		5651CC4C2416CCB400D7DDFB /* ProfileManager.swift */ = {isa = PBXFileReference; lastKnownFileType = sourcecode.swift; path = ProfileManager.swift; sourceTree = "<group>"; };
		5662679024071901005AE0B9 /* ProfileViewController.swift */ = {isa = PBXFileReference; lastKnownFileType = sourcecode.swift; path = ProfileViewController.swift; sourceTree = "<group>"; };
		5662679224090680005AE0B9 /* StudentData.swift */ = {isa = PBXFileReference; lastKnownFileType = sourcecode.swift; path = StudentData.swift; sourceTree = "<group>"; };
		56E7064523FBD35100D6CF1A /* studentsApp.app */ = {isa = PBXFileReference; explicitFileType = wrapper.application; includeInIndex = 0; path = studentsApp.app; sourceTree = BUILT_PRODUCTS_DIR; };
		56E7064823FBD35100D6CF1A /* AppDelegate.swift */ = {isa = PBXFileReference; lastKnownFileType = sourcecode.swift; path = AppDelegate.swift; sourceTree = "<group>"; };
		56E7064A23FBD35100D6CF1A /* SceneDelegate.swift */ = {isa = PBXFileReference; lastKnownFileType = sourcecode.swift; path = SceneDelegate.swift; sourceTree = "<group>"; };
		56E7064F23FBD35100D6CF1A /* Base */ = {isa = PBXFileReference; lastKnownFileType = file.storyboard; name = Base; path = Base.lproj/Main.storyboard; sourceTree = "<group>"; };
		56E7065123FBD35800D6CF1A /* Assets.xcassets */ = {isa = PBXFileReference; lastKnownFileType = folder.assetcatalog; path = Assets.xcassets; sourceTree = "<group>"; };
		56E7065423FBD35800D6CF1A /* Base */ = {isa = PBXFileReference; lastKnownFileType = file.storyboard; name = Base; path = Base.lproj/LaunchScreen.storyboard; sourceTree = "<group>"; };
		56E7065623FBD35800D6CF1A /* Info.plist */ = {isa = PBXFileReference; lastKnownFileType = text.plist.xml; path = Info.plist; sourceTree = "<group>"; };
		56E7065C23FBD3A900D6CF1A /* AuthorizationViewController.swift */ = {isa = PBXFileReference; lastKnownFileType = sourcecode.swift; path = AuthorizationViewController.swift; sourceTree = "<group>"; };
		56E7065E23FBD55C00D6CF1A /* MenueViewController.swift */ = {isa = PBXFileReference; lastKnownFileType = sourcecode.swift; path = MenueViewController.swift; sourceTree = "<group>"; };
		56E7066023FBD77E00D6CF1A /* StudentsTableViewController.swift */ = {isa = PBXFileReference; lastKnownFileType = sourcecode.swift; path = StudentsTableViewController.swift; sourceTree = "<group>"; };
		56E7066223FC4E2600D6CF1A /* StudentStruct.swift */ = {isa = PBXFileReference; lastKnownFileType = sourcecode.swift; path = StudentStruct.swift; sourceTree = "<group>"; };
		56E7066423FC4EB900D6CF1A /* StudentsViewController.swift */ = {isa = PBXFileReference; lastKnownFileType = sourcecode.swift; path = StudentsViewController.swift; sourceTree = "<group>"; };
		56E7066623FC59BD00D6CF1A /* CodeTableViewCell.swift */ = {isa = PBXFileReference; lastKnownFileType = sourcecode.swift; path = CodeTableViewCell.swift; sourceTree = "<group>"; };
		56E7066823FC5CD100D6CF1A /* XIBTableViewCell.swift */ = {isa = PBXFileReference; lastKnownFileType = sourcecode.swift; path = XIBTableViewCell.swift; sourceTree = "<group>"; };
		56E7066923FC5CD100D6CF1A /* XIBTableViewCell.xib */ = {isa = PBXFileReference; lastKnownFileType = file.xib; path = XIBTableViewCell.xib; sourceTree = "<group>"; };
		9DA6C4E508CCB4D63246D9A5 /* Pods-studentsApp.debug.xcconfig */ = {isa = PBXFileReference; includeInIndex = 1; lastKnownFileType = text.xcconfig; name = "Pods-studentsApp.debug.xcconfig"; path = "Target Support Files/Pods-studentsApp/Pods-studentsApp.debug.xcconfig"; sourceTree = "<group>"; };
		C2843280ACE99B41E99DDA04 /* Pods-studentsApp.release.xcconfig */ = {isa = PBXFileReference; includeInIndex = 1; lastKnownFileType = text.xcconfig; name = "Pods-studentsApp.release.xcconfig"; path = "Target Support Files/Pods-studentsApp/Pods-studentsApp.release.xcconfig"; sourceTree = "<group>"; };
		E55E835B526F2A14216137F1 /* Pods_studentsApp.framework */ = {isa = PBXFileReference; explicitFileType = wrapper.framework; includeInIndex = 0; path = Pods_studentsApp.framework; sourceTree = BUILT_PRODUCTS_DIR; };
/* End PBXFileReference section */

/* Begin PBXFrameworksBuildPhase section */
		56E7064223FBD35100D6CF1A /* Frameworks */ = {
			isa = PBXFrameworksBuildPhase;
			buildActionMask = 2147483647;
			files = (
				126DB4EC5385FC52E2284B0F /* Pods_studentsApp.framework in Frameworks */,
			);
			runOnlyForDeploymentPostprocessing = 0;
		};
/* End PBXFrameworksBuildPhase section */

/* Begin PBXGroup section */
		56E7063C23FBD35100D6CF1A = {
			isa = PBXGroup;
			children = (
				56E7064723FBD35100D6CF1A /* studentsApp */,
				56E7064623FBD35100D6CF1A /* Products */,
				776D4B5A6FF73DBB22FECF0F /* Pods */,
				B281B5478C30B05AE0EFF3E8 /* Frameworks */,
			);
			sourceTree = "<group>";
		};
		56E7064623FBD35100D6CF1A /* Products */ = {
			isa = PBXGroup;
			children = (
				56E7064523FBD35100D6CF1A /* studentsApp.app */,
			);
			name = Products;
			sourceTree = "<group>";
		};
		56E7064723FBD35100D6CF1A /* studentsApp */ = {
			isa = PBXGroup;
			children = (
				5600414E2402AA9D00872AE2 /* names.html */,
				5651CC4C2416CCB400D7DDFB /* ProfileManager.swift */,
				56E7064823FBD35100D6CF1A /* AppDelegate.swift */,
				5662679024071901005AE0B9 /* ProfileViewController.swift */,
				56E7066223FC4E2600D6CF1A /* StudentStruct.swift */,
				5662679224090680005AE0B9 /* StudentData.swift */,
				56E7064A23FBD35100D6CF1A /* SceneDelegate.swift */,
				56E7066423FC4EB900D6CF1A /* StudentsViewController.swift */,
				56E7065E23FBD55C00D6CF1A /* MenueViewController.swift */,
				56E7066623FC59BD00D6CF1A /* CodeTableViewCell.swift */,
				56E7066823FC5CD100D6CF1A /* XIBTableViewCell.swift */,
				56E7066923FC5CD100D6CF1A /* XIBTableViewCell.xib */,
				56E7066023FBD77E00D6CF1A /* StudentsTableViewController.swift */,
				56E7065C23FBD3A900D6CF1A /* AuthorizationViewController.swift */,
				56E7064E23FBD35100D6CF1A /* Main.storyboard */,
				56E7065123FBD35800D6CF1A /* Assets.xcassets */,
				56E7065323FBD35800D6CF1A /* LaunchScreen.storyboard */,
				56E7065623FBD35800D6CF1A /* Info.plist */,
			);
			path = studentsApp;
			sourceTree = "<group>";
		};
		776D4B5A6FF73DBB22FECF0F /* Pods */ = {
			isa = PBXGroup;
			children = (
				9DA6C4E508CCB4D63246D9A5 /* Pods-studentsApp.debug.xcconfig */,
				C2843280ACE99B41E99DDA04 /* Pods-studentsApp.release.xcconfig */,
			);
			path = Pods;
			sourceTree = "<group>";
		};
		B281B5478C30B05AE0EFF3E8 /* Frameworks */ = {
			isa = PBXGroup;
			children = (
				E55E835B526F2A14216137F1 /* Pods_studentsApp.framework */,
			);
			name = Frameworks;
			sourceTree = "<group>";
		};
/* End PBXGroup section */

/* Begin PBXNativeTarget section */
		56E7064423FBD35100D6CF1A /* studentsApp */ = {
			isa = PBXNativeTarget;
			buildConfigurationList = 56E7065923FBD35800D6CF1A /* Build configuration list for PBXNativeTarget "studentsApp" */;
			buildPhases = (
				1AB4B5B112BA54C986C31F09 /* [CP] Check Pods Manifest.lock */,
				56E7064123FBD35100D6CF1A /* Sources */,
				56E7064223FBD35100D6CF1A /* Frameworks */,
				56E7064323FBD35100D6CF1A /* Resources */,
				5651CC502417FE6000D7DDFB /* ShellScript */,
			);
			buildRules = (
			);
			dependencies = (
			);
			name = studentsApp;
			productName = studentsApp;
			productReference = 56E7064523FBD35100D6CF1A /* studentsApp.app */;
			productType = "com.apple.product-type.application";
		};
/* End PBXNativeTarget section */

/* Begin PBXProject section */
		56E7063D23FBD35100D6CF1A /* Project object */ = {
			isa = PBXProject;
			attributes = {
				LastSwiftUpdateCheck = 1130;
				LastUpgradeCheck = 1130;
				ORGANIZATIONNAME = "Andrei Apekunou";
				TargetAttributes = {
					56E7064423FBD35100D6CF1A = {
						CreatedOnToolsVersion = 11.3.1;
					};
				};
			};
			buildConfigurationList = 56E7064023FBD35100D6CF1A /* Build configuration list for PBXProject "studentsApp" */;
			compatibilityVersion = "Xcode 9.3";
			developmentRegion = en;
			hasScannedForEncodings = 0;
			knownRegions = (
				en,
				Base,
			);
			mainGroup = 56E7063C23FBD35100D6CF1A;
			productRefGroup = 56E7064623FBD35100D6CF1A /* Products */;
			projectDirPath = "";
			projectRoot = "";
			targets = (
				56E7064423FBD35100D6CF1A /* studentsApp */,
			);
		};
/* End PBXProject section */

/* Begin PBXResourcesBuildPhase section */
		56E7064323FBD35100D6CF1A /* Resources */ = {
			isa = PBXResourcesBuildPhase;
			buildActionMask = 2147483647;
			files = (
				56E7065523FBD35800D6CF1A /* LaunchScreen.storyboard in Resources */,
				5600414F2402AA9D00872AE2 /* names.html in Resources */,
				56E7065223FBD35800D6CF1A /* Assets.xcassets in Resources */,
				56E7065023FBD35100D6CF1A /* Main.storyboard in Resources */,
				56E7066B23FC5CD100D6CF1A /* XIBTableViewCell.xib in Resources */,
			);
			runOnlyForDeploymentPostprocessing = 0;
		};
/* End PBXResourcesBuildPhase section */

/* Begin PBXShellScriptBuildPhase section */
		1AB4B5B112BA54C986C31F09 /* [CP] Check Pods Manifest.lock */ = {
			isa = PBXShellScriptBuildPhase;
			buildActionMask = 2147483647;
			files = (
			);
			inputFileListPaths = (
			);
			inputPaths = (
				"${PODS_PODFILE_DIR_PATH}/Podfile.lock",
				"${PODS_ROOT}/Manifest.lock",
			);
			name = "[CP] Check Pods Manifest.lock";
			outputFileListPaths = (
			);
			outputPaths = (
				"$(DERIVED_FILE_DIR)/Pods-studentsApp-checkManifestLockResult.txt",
			);
			runOnlyForDeploymentPostprocessing = 0;
			shellPath = /bin/sh;
			shellScript = "diff \"${PODS_PODFILE_DIR_PATH}/Podfile.lock\" \"${PODS_ROOT}/Manifest.lock\" > /dev/null\nif [ $? != 0 ] ; then\n    # print error to STDERR\n    echo \"error: The sandbox is not in sync with the Podfile.lock. Run 'pod install' or update your CocoaPods installation.\" >&2\n    exit 1\nfi\n# This output is used by Xcode 'outputs' to avoid re-running this script phase.\necho \"SUCCESS\" > \"${SCRIPT_OUTPUT_FILE_0}\"\n";
			showEnvVarsInLog = 0;
		};
		5651CC502417FE6000D7DDFB /* ShellScript */ = {
			isa = PBXShellScriptBuildPhase;
			buildActionMask = 2147483647;
			files = (
			);
			inputFileListPaths = (
			);
			inputPaths = (
			);
			outputFileListPaths = (
			);
			outputPaths = (
			);
			runOnlyForDeploymentPostprocessing = 0;
			shellPath = /bin/sh;
			shellScript = "${PODS_ROOT}/SwiftLint/swiftlint\n";
		};
/* End PBXShellScriptBuildPhase section */

/* Begin PBXSourcesBuildPhase section */
		56E7064123FBD35100D6CF1A /* Sources */ = {
			isa = PBXSourcesBuildPhase;
			buildActionMask = 2147483647;
			files = (
				56E7066723FC59BD00D6CF1A /* CodeTableViewCell.swift in Sources */,
				56E7065D23FBD3A900D6CF1A /* AuthorizationViewController.swift in Sources */,
				5662679124071901005AE0B9 /* ProfileViewController.swift in Sources */,
				56E7066A23FC5CD100D6CF1A /* XIBTableViewCell.swift in Sources */,
				56E7065F23FBD55C00D6CF1A /* MenueViewController.swift in Sources */,
				56E7064923FBD35100D6CF1A /* AppDelegate.swift in Sources */,
				5662679324090680005AE0B9 /* StudentData.swift in Sources */,
				5651CC4D2416CCB400D7DDFB /* ProfileManager.swift in Sources */,
				56E7066123FBD77E00D6CF1A /* StudentsTableViewController.swift in Sources */,
				56E7066323FC4E2600D6CF1A /* StudentStruct.swift in Sources */,
				56E7066523FC4EB900D6CF1A /* StudentsViewController.swift in Sources */,
				56E7064B23FBD35100D6CF1A /* SceneDelegate.swift in Sources */,
			);
			runOnlyForDeploymentPostprocessing = 0;
		};
/* End PBXSourcesBuildPhase section */

/* Begin PBXVariantGroup section */
		56E7064E23FBD35100D6CF1A /* Main.storyboard */ = {
			isa = PBXVariantGroup;
			children = (
				56E7064F23FBD35100D6CF1A /* Base */,
			);
			name = Main.storyboard;
			sourceTree = "<group>";
		};
		56E7065323FBD35800D6CF1A /* LaunchScreen.storyboard */ = {
			isa = PBXVariantGroup;
			children = (
				56E7065423FBD35800D6CF1A /* Base */,
			);
			name = LaunchScreen.storyboard;
			sourceTree = "<group>";
		};
/* End PBXVariantGroup section */

/* Begin XCBuildConfiguration section */
		56E7065723FBD35800D6CF1A /* Debug */ = {
			isa = XCBuildConfiguration;
			buildSettings = {
				ALWAYS_SEARCH_USER_PATHS = NO;
				CLANG_ANALYZER_NONNULL = YES;
				CLANG_ANALYZER_NUMBER_OBJECT_CONVERSION = YES_AGGRESSIVE;
				CLANG_CXX_LANGUAGE_STANDARD = "gnu++14";
				CLANG_CXX_LIBRARY = "libc++";
				CLANG_ENABLE_MODULES = YES;
				CLANG_ENABLE_OBJC_ARC = YES;
				CLANG_ENABLE_OBJC_WEAK = YES;
				CLANG_WARN_BLOCK_CAPTURE_AUTORELEASING = YES;
				CLANG_WARN_BOOL_CONVERSION = YES;
				CLANG_WARN_COMMA = YES;
				CLANG_WARN_CONSTANT_CONVERSION = YES;
				CLANG_WARN_DEPRECATED_OBJC_IMPLEMENTATIONS = YES;
				CLANG_WARN_DIRECT_OBJC_ISA_USAGE = YES_ERROR;
				CLANG_WARN_DOCUMENTATION_COMMENTS = YES;
				CLANG_WARN_EMPTY_BODY = YES;
				CLANG_WARN_ENUM_CONVERSION = YES;
				CLANG_WARN_INFINITE_RECURSION = YES;
				CLANG_WARN_INT_CONVERSION = YES;
				CLANG_WARN_NON_LITERAL_NULL_CONVERSION = YES;
				CLANG_WARN_OBJC_IMPLICIT_RETAIN_SELF = YES;
				CLANG_WARN_OBJC_LITERAL_CONVERSION = YES;
				CLANG_WARN_OBJC_ROOT_CLASS = YES_ERROR;
				CLANG_WARN_RANGE_LOOP_ANALYSIS = YES;
				CLANG_WARN_STRICT_PROTOTYPES = YES;
				CLANG_WARN_SUSPICIOUS_MOVE = YES;
				CLANG_WARN_UNGUARDED_AVAILABILITY = YES_AGGRESSIVE;
				CLANG_WARN_UNREACHABLE_CODE = YES;
				CLANG_WARN__DUPLICATE_METHOD_MATCH = YES;
				COPY_PHASE_STRIP = NO;
				DEBUG_INFORMATION_FORMAT = dwarf;
				ENABLE_STRICT_OBJC_MSGSEND = YES;
				ENABLE_TESTABILITY = YES;
				GCC_C_LANGUAGE_STANDARD = gnu11;
				GCC_DYNAMIC_NO_PIC = NO;
				GCC_NO_COMMON_BLOCKS = YES;
				GCC_OPTIMIZATION_LEVEL = 0;
				GCC_PREPROCESSOR_DEFINITIONS = (
					"DEBUG=1",
					"$(inherited)",
				);
				GCC_WARN_64_TO_32_BIT_CONVERSION = YES;
				GCC_WARN_ABOUT_RETURN_TYPE = YES_ERROR;
				GCC_WARN_UNDECLARED_SELECTOR = YES;
				GCC_WARN_UNINITIALIZED_AUTOS = YES_AGGRESSIVE;
				GCC_WARN_UNUSED_FUNCTION = YES;
				GCC_WARN_UNUSED_VARIABLE = YES;
				IPHONEOS_DEPLOYMENT_TARGET = 13.2;
				MTL_ENABLE_DEBUG_INFO = INCLUDE_SOURCE;
				MTL_FAST_MATH = YES;
				ONLY_ACTIVE_ARCH = YES;
				SDKROOT = iphoneos;
				SWIFT_ACTIVE_COMPILATION_CONDITIONS = DEBUG;
				SWIFT_OPTIMIZATION_LEVEL = "-Onone";
			};
			name = Debug;
		};
		56E7065823FBD35800D6CF1A /* Release */ = {
			isa = XCBuildConfiguration;
			buildSettings = {
				ALWAYS_SEARCH_USER_PATHS = NO;
				CLANG_ANALYZER_NONNULL = YES;
				CLANG_ANALYZER_NUMBER_OBJECT_CONVERSION = YES_AGGRESSIVE;
				CLANG_CXX_LANGUAGE_STANDARD = "gnu++14";
				CLANG_CXX_LIBRARY = "libc++";
				CLANG_ENABLE_MODULES = YES;
				CLANG_ENABLE_OBJC_ARC = YES;
				CLANG_ENABLE_OBJC_WEAK = YES;
				CLANG_WARN_BLOCK_CAPTURE_AUTORELEASING = YES;
				CLANG_WARN_BOOL_CONVERSION = YES;
				CLANG_WARN_COMMA = YES;
				CLANG_WARN_CONSTANT_CONVERSION = YES;
				CLANG_WARN_DEPRECATED_OBJC_IMPLEMENTATIONS = YES;
				CLANG_WARN_DIRECT_OBJC_ISA_USAGE = YES_ERROR;
				CLANG_WARN_DOCUMENTATION_COMMENTS = YES;
				CLANG_WARN_EMPTY_BODY = YES;
				CLANG_WARN_ENUM_CONVERSION = YES;
				CLANG_WARN_INFINITE_RECURSION = YES;
				CLANG_WARN_INT_CONVERSION = YES;
				CLANG_WARN_NON_LITERAL_NULL_CONVERSION = YES;
				CLANG_WARN_OBJC_IMPLICIT_RETAIN_SELF = YES;
				CLANG_WARN_OBJC_LITERAL_CONVERSION = YES;
				CLANG_WARN_OBJC_ROOT_CLASS = YES_ERROR;
				CLANG_WARN_RANGE_LOOP_ANALYSIS = YES;
				CLANG_WARN_STRICT_PROTOTYPES = YES;
				CLANG_WARN_SUSPICIOUS_MOVE = YES;
				CLANG_WARN_UNGUARDED_AVAILABILITY = YES_AGGRESSIVE;
				CLANG_WARN_UNREACHABLE_CODE = YES;
				CLANG_WARN__DUPLICATE_METHOD_MATCH = YES;
				COPY_PHASE_STRIP = NO;
				DEBUG_INFORMATION_FORMAT = "dwarf-with-dsym";
				ENABLE_NS_ASSERTIONS = NO;
				ENABLE_STRICT_OBJC_MSGSEND = YES;
				GCC_C_LANGUAGE_STANDARD = gnu11;
				GCC_NO_COMMON_BLOCKS = YES;
				GCC_WARN_64_TO_32_BIT_CONVERSION = YES;
				GCC_WARN_ABOUT_RETURN_TYPE = YES_ERROR;
				GCC_WARN_UNDECLARED_SELECTOR = YES;
				GCC_WARN_UNINITIALIZED_AUTOS = YES_AGGRESSIVE;
				GCC_WARN_UNUSED_FUNCTION = YES;
				GCC_WARN_UNUSED_VARIABLE = YES;
				IPHONEOS_DEPLOYMENT_TARGET = 13.2;
				MTL_ENABLE_DEBUG_INFO = NO;
				MTL_FAST_MATH = YES;
				SDKROOT = iphoneos;
				SWIFT_COMPILATION_MODE = wholemodule;
				SWIFT_OPTIMIZATION_LEVEL = "-O";
				VALIDATE_PRODUCT = YES;
			};
			name = Release;
		};
		56E7065A23FBD35800D6CF1A /* Debug */ = {
			isa = XCBuildConfiguration;
			baseConfigurationReference = 9DA6C4E508CCB4D63246D9A5 /* Pods-studentsApp.debug.xcconfig */;
			buildSettings = {
				ASSETCATALOG_COMPILER_APPICON_NAME = AppIcon;
				CODE_SIGN_STYLE = Automatic;
				INFOPLIST_FILE = studentsApp/Info.plist;
				LD_RUNPATH_SEARCH_PATHS = (
					"$(inherited)",
					"@executable_path/Frameworks",
				);
				PRODUCT_BUNDLE_IDENTIFIER = my.studentsApp;
				PRODUCT_NAME = "$(TARGET_NAME)";
				SWIFT_VERSION = 5.0;
				TARGETED_DEVICE_FAMILY = "1,2";
			};
			name = Debug;
		};
		56E7065B23FBD35800D6CF1A /* Release */ = {
			isa = XCBuildConfiguration;
			baseConfigurationReference = C2843280ACE99B41E99DDA04 /* Pods-studentsApp.release.xcconfig */;
			buildSettings = {
				ASSETCATALOG_COMPILER_APPICON_NAME = AppIcon;
				CODE_SIGN_STYLE = Automatic;
				INFOPLIST_FILE = studentsApp/Info.plist;
				LD_RUNPATH_SEARCH_PATHS = (
					"$(inherited)",
					"@executable_path/Frameworks",
				);
				PRODUCT_BUNDLE_IDENTIFIER = my.studentsApp;
				PRODUCT_NAME = "$(TARGET_NAME)";
				SWIFT_VERSION = 5.0;
				TARGETED_DEVICE_FAMILY = "1,2";
			};
			name = Release;
		};
/* End XCBuildConfiguration section */

/* Begin XCConfigurationList section */
		56E7064023FBD35100D6CF1A /* Build configuration list for PBXProject "studentsApp" */ = {
			isa = XCConfigurationList;
			buildConfigurations = (
				56E7065723FBD35800D6CF1A /* Debug */,
				56E7065823FBD35800D6CF1A /* Release */,
			);
			defaultConfigurationIsVisible = 0;
			defaultConfigurationName = Release;
		};
		56E7065923FBD35800D6CF1A /* Build configuration list for PBXNativeTarget "studentsApp" */ = {
			isa = XCConfigurationList;
			buildConfigurations = (
				56E7065A23FBD35800D6CF1A /* Debug */,
				56E7065B23FBD35800D6CF1A /* Release */,
			);
			defaultConfigurationIsVisible = 0;
			defaultConfigurationName = Release;
		};
/* End XCConfigurationList section */
	};
	rootObject = 56E7063D23FBD35100D6CF1A /* Project object */;
}
